
Microsoft Visual Studio Solution File, Format Version 12.00
# 
Project("{FAE04EC0-301F-11D3-BF4B-00C04F79EFBC}") = "Deal Evaluator", "Deal Evaluator\Deal Evaluator.csproj", "{76EA0076-8AEB-4D2F-9623-21C167789778}"
EndProject
Project("{FAE04EC0-301F-11D3-BF4B-00C04F79EFBC}") = "DealEvaluator.Tests", "DealEvaluator.Tests\DealEvaluator.Tests.csproj", "{CEF8DBF0-1F56-41BA-ADDE-D2EBC42888EE}"
EndProject
Global
	GlobalSection(SolutionConfigurationPlatforms) = preSolution
		Debug|Any CPU = Debug|Any CPU
		Release|Any CPU = Release|Any CPU
	EndGlobalSection
	GlobalSection(ProjectConfigurationPlatforms) = postSolution
		{76EA0076-8AEB-4D2F-9623-21C167789778}.Debug|Any CPU.ActiveCfg = Debug|Any CPU
		{76EA0076-8AEB-4D2F-9623-21C167789778}.Debug|Any CPU.Build.0 = Debug|Any CPU
		{76EA0076-8AEB-4D2F-9623-21C167789778}.Release|Any CPU.ActiveCfg = Release|Any CPU
		{76EA0076-8AEB-4D2F-9623-21C167789778}.Release|Any CPU.Build.0 = Release|Any CPU
		{CEF8DBF0-1F56-41BA-ADDE-D2EBC42888EE}.Debug|Any CPU.ActiveCfg = Debug|Any CPU
		{CEF8DBF0-1F56-41BA-ADDE-D2EBC42888EE}.Debug|Any CPU.Build.0 = Debug|Any CPU
		{CEF8DBF0-1F56-41BA-ADDE-D2EBC42888EE}.Release|Any CPU.ActiveCfg = Release|Any CPU
		{CEF8DBF0-1F56-41BA-ADDE-D2EBC42888EE}.Release|Any CPU.Build.0 = Release|Any CPU
	EndGlobalSection
EndGlobal
